Microsoft Visual Studio Solution File, Format Version 12.00
# Visual Studio Version 17
VisualStudioVersion = 17.5.2.0
MinimumVisualStudioVersion = 10.0.40219.1
Project("{FAE04EC0-301F-11D3-BF4B-00C04F79EFBC}") = "DiceThrows", "DiceThrows.csproj", "{8DEC041A-BD45-DE6E-BF38-DE3FB08F28EA}"
EndProject
Global
	GlobalSection(SolutionConfigurationPlatforms) = preSolution
		Debug|Any CPU = Debug|Any CPU
		Release|Any CPU = Release|Any CPU
	EndGlobalSection
	GlobalSection(ProjectConfigurationPlatforms) = postSolution
		{8DEC041A-BD45-DE6E-BF38-DE3FB08F28EA}.Debug|Any CPU.ActiveCfg = Debug|Any CPU
		{8DEC041A-BD45-DE6E-BF38-DE3FB08F28EA}.Debug|Any CPU.Build.0 = Debug|Any CPU
		{8DEC041A-BD45-DE6E-BF38-DE3FB08F28EA}.Release|Any CPU.ActiveCfg = Release|Any CPU
		{8DEC041A-BD45-DE6E-BF38-DE3FB08F28EA}.Release|Any CPU.Build.0 = Release|Any CPU
	EndGlobalSection
	GlobalSection(SolutionProperties) = preSolution
		HideSolutionNode = FALSE
	EndGlobalSection
	GlobalSection(ExtensibilityGlobals) = postSolution
		SolutionGuid = {6CC1BA08-6722-425A-B407-D935EABEC063}
	EndGlobalSection
EndGlobal
