Microsoft Visual Studio Solution File, Format Version 12.00
# Visual Studio Version 17
VisualStudioVersion = 17.5.2.0
MinimumVisualStudioVersion = 10.0.40219.1
Project("{FAE04EC0-301F-11D3-BF4B-00C04F79EFBC}") = "ClassesPart2", "ClassesPart2.csproj", "{C51F5140-ADA3-F66A-0F17-EA0B637123F5}"
EndProject
Global
	GlobalSection(SolutionConfigurationPlatforms) = preSolution
		Debug|Any CPU = Debug|Any CPU
		Release|Any CPU = Release|Any CPU
	EndGlobalSection
	GlobalSection(ProjectConfigurationPlatforms) = postSolution
		{C51F5140-ADA3-F66A-0F17-EA0B637123F5}.Debug|Any CPU.ActiveCfg = Debug|Any CPU
		{C51F5140-ADA3-F66A-0F17-EA0B637123F5}.Debug|Any CPU.Build.0 = Debug|Any CPU
		{C51F5140-ADA3-F66A-0F17-EA0B637123F5}.Release|Any CPU.ActiveCfg = Release|Any CPU
		{C51F5140-ADA3-F66A-0F17-EA0B637123F5}.Release|Any CPU.Build.0 = Release|Any CPU
	EndGlobalSection
	GlobalSection(SolutionProperties) = preSolution
		HideSolutionNode = FALSE
	EndGlobalSection
	GlobalSection(ExtensibilityGlobals) = postSolution
		SolutionGuid = {BD2FDBC5-A062-4803-9825-9FCF3F8BB004}
	EndGlobalSection
EndGlobal
