Microsoft Visual Studio Solution File, Format Version 12.00
# Visual Studio Version 17
VisualStudioVersion = 17.5.2.0
MinimumVisualStudioVersion = 10.0.40219.1
Project("{FAE04EC0-301F-11D3-BF4B-00C04F79EFBC}") = "DungeonWorld", "DungeonWorld.csproj", "{1B81C6C2-FB30-21C8-4B19-A0A10D74C147}"
EndProject
Global
	GlobalSection(SolutionConfigurationPlatforms) = preSolution
		Debug|Any CPU = Debug|Any CPU
		Release|Any CPU = Release|Any CPU
	EndGlobalSection
	GlobalSection(ProjectConfigurationPlatforms) = postSolution
		{1B81C6C2-FB30-21C8-4B19-A0A10D74C147}.Debug|Any CPU.ActiveCfg = Debug|Any CPU
		{1B81C6C2-FB30-21C8-4B19-A0A10D74C147}.Debug|Any CPU.Build.0 = Debug|Any CPU
		{1B81C6C2-FB30-21C8-4B19-A0A10D74C147}.Release|Any CPU.ActiveCfg = Release|Any CPU
		{1B81C6C2-FB30-21C8-4B19-A0A10D74C147}.Release|Any CPU.Build.0 = Release|Any CPU
	EndGlobalSection
	GlobalSection(SolutionProperties) = preSolution
		HideSolutionNode = FALSE
	EndGlobalSection
	GlobalSection(ExtensibilityGlobals) = postSolution
		SolutionGuid = {3F4C0CCB-57E3-4CDB-B0CB-5ACB3A53A141}
	EndGlobalSection
EndGlobal
