Microsoft Visual Studio Solution File, Format Version 12.00
# Visual Studio Version 17
VisualStudioVersion = 17.5.2.0
MinimumVisualStudioVersion = 10.0.40219.1
Project("{FAE04EC0-301F-11D3-BF4B-00C04F79EFBC}") = "ClassesPart3", "ClassesPart3.csproj", "{FFD16680-19D2-2CCA-AB4E-2D5236B0D01E}"
EndProject
Global
	GlobalSection(SolutionConfigurationPlatforms) = preSolution
		Debug|Any CPU = Debug|Any CPU
		Release|Any CPU = Release|Any CPU
	EndGlobalSection
	GlobalSection(ProjectConfigurationPlatforms) = postSolution
		{FFD16680-19D2-2CCA-AB4E-2D5236B0D01E}.Debug|Any CPU.ActiveCfg = Debug|Any CPU
		{FFD16680-19D2-2CCA-AB4E-2D5236B0D01E}.Debug|Any CPU.Build.0 = Debug|Any CPU
		{FFD16680-19D2-2CCA-AB4E-2D5236B0D01E}.Release|Any CPU.ActiveCfg = Release|Any CPU
		{FFD16680-19D2-2CCA-AB4E-2D5236B0D01E}.Release|Any CPU.Build.0 = Release|Any CPU
	EndGlobalSection
	GlobalSection(SolutionProperties) = preSolution
		HideSolutionNode = FALSE
	EndGlobalSection
	GlobalSection(ExtensibilityGlobals) = postSolution
		SolutionGuid = {9BB00D7F-44EA-485D-9099-F9699C8012FD}
	EndGlobalSection
EndGlobal
