Microsoft Visual Studio Solution File, Format Version 12.00
# Visual Studio Version 17
VisualStudioVersion = 17.5.2.0
MinimumVisualStudioVersion = 10.0.40219.1
Project("{FAE04EC0-301F-11D3-BF4B-00C04F79EFBC}") = "GenerateCharactersAndMonsters", "GenerateCharactersAndMonsters.csproj", "{186AB081-7CCD-6A91-11CD-75DBA05323F4}"
EndProject
Global
	GlobalSection(SolutionConfigurationPlatforms) = preSolution
		Debug|Any CPU = Debug|Any CPU
		Release|Any CPU = Release|Any CPU
	EndGlobalSection
	GlobalSection(ProjectConfigurationPlatforms) = postSolution
		{186AB081-7CCD-6A91-11CD-75DBA05323F4}.Debug|Any CPU.ActiveCfg = Debug|Any CPU
		{186AB081-7CCD-6A91-11CD-75DBA05323F4}.Debug|Any CPU.Build.0 = Debug|Any CPU
		{186AB081-7CCD-6A91-11CD-75DBA05323F4}.Release|Any CPU.ActiveCfg = Release|Any CPU
		{186AB081-7CCD-6A91-11CD-75DBA05323F4}.Release|Any CPU.Build.0 = Release|Any CPU
	EndGlobalSection
	GlobalSection(SolutionProperties) = preSolution
		HideSolutionNode = FALSE
	EndGlobalSection
	GlobalSection(ExtensibilityGlobals) = postSolution
		SolutionGuid = {269370B9-F86F-4957-82AC-4073083BC5C3}
	EndGlobalSection
EndGlobal
