Microsoft Visual Studio Solution File, Format Version 12.00
# Visual Studio Version 17
VisualStudioVersion = 17.5.2.0
MinimumVisualStudioVersion = 10.0.40219.1
Project("{FAE04EC0-301F-11D3-BF4B-00C04F79EFBC}") = "AlgorithmDesign703", "AlgorithmDesign703.csproj", "{27806379-B55C-E825-57B1-DA9C1059AE42}"
EndProject
Global
	GlobalSection(SolutionConfigurationPlatforms) = preSolution
		Debug|Any CPU = Debug|Any CPU
		Release|Any CPU = Release|Any CPU
	EndGlobalSection
	GlobalSection(ProjectConfigurationPlatforms) = postSolution
		{27806379-B55C-E825-57B1-DA9C1059AE42}.Debug|Any CPU.ActiveCfg = Debug|Any CPU
		{27806379-B55C-E825-57B1-DA9C1059AE42}.Debug|Any CPU.Build.0 = Debug|Any CPU
		{27806379-B55C-E825-57B1-DA9C1059AE42}.Release|Any CPU.ActiveCfg = Release|Any CPU
		{27806379-B55C-E825-57B1-DA9C1059AE42}.Release|Any CPU.Build.0 = Release|Any CPU
	EndGlobalSection
	GlobalSection(SolutionProperties) = preSolution
		HideSolutionNode = FALSE
	EndGlobalSection
	GlobalSection(ExtensibilityGlobals) = postSolution
		SolutionGuid = {B1D5C42F-6084-4288-94B0-29FB502BEE83}
	EndGlobalSection
EndGlobal
