Microsoft Visual Studio Solution File, Format Version 12.00
# Visual Studio Version 17
VisualStudioVersion = 17.5.2.0
MinimumVisualStudioVersion = 10.0.40219.1
Project("{FAE04EC0-301F-11D3-BF4B-00C04F79EFBC}") = "Bowlingframe", "Bowlingframe.csproj", "{AAB144E0-82CA-B904-A105-7B7BEFEDF33D}"
EndProject
Global
	GlobalSection(SolutionConfigurationPlatforms) = preSolution
		Debug|Any CPU = Debug|Any CPU
		Release|Any CPU = Release|Any CPU
	EndGlobalSection
	GlobalSection(ProjectConfigurationPlatforms) = postSolution
		{AAB144E0-82CA-B904-A105-7B7BEFEDF33D}.Debug|Any CPU.ActiveCfg = Debug|Any CPU
		{AAB144E0-82CA-B904-A105-7B7BEFEDF33D}.Debug|Any CPU.Build.0 = Debug|Any CPU
		{AAB144E0-82CA-B904-A105-7B7BEFEDF33D}.Release|Any CPU.ActiveCfg = Release|Any CPU
		{AAB144E0-82CA-B904-A105-7B7BEFEDF33D}.Release|Any CPU.Build.0 = Release|Any CPU
	EndGlobalSection
	GlobalSection(SolutionProperties) = preSolution
		HideSolutionNode = FALSE
	EndGlobalSection
	GlobalSection(ExtensibilityGlobals) = postSolution
		SolutionGuid = {7A87ACF0-8A49-4F14-A9BA-5B202AEFF057}
	EndGlobalSection
EndGlobal
